// !$*UTF8*$!
{
	archiveVersion = 1;
	classes = {
	};
	objectVersion = 56;
	objects = {

/* Begin PBXBuildFile section */
		F05F4B4B29D16B2D0067C292 /* PaddingLabel.swift in Sources */ = {isa = PBXBuildFile; fileRef = F05F4B4A29D16B2D0067C292 /* PaddingLabel.swift */; };
		F05F4B5529D17A260067C292 /* ddalgi.jpg in Resources */ = {isa = PBXBuildFile; fileRef = F05F4B4D29D17A260067C292 /* ddalgi.jpg */; };
		F05F4B5629D17A260067C292 /* subak.jpg in Resources */ = {isa = PBXBuildFile; fileRef = F05F4B4E29D17A260067C292 /* subak.jpg */; };
		F05F4B5729D17A260067C292 /* rice.jpg in Resources */ = {isa = PBXBuildFile; fileRef = F05F4B4F29D17A260067C292 /* rice.jpg */; };
		F05F4B5829D17A260067C292 /* wheat.jpg in Resources */ = {isa = PBXBuildFile; fileRef = F05F4B5029D17A260067C292 /* wheat.jpg */; };
		F05F4B5929D17A260067C292 /* barley.jpg in Resources */ = {isa = PBXBuildFile; fileRef = F05F4B5129D17A260067C292 /* barley.jpg */; };
		F05F4B5A29D17A260067C292 /* gwail.jpg in Resources */ = {isa = PBXBuildFile; fileRef = F05F4B5229D17A260067C292 /* gwail.jpg */; };
		F05F4B5B29D17A260067C292 /* kiwi.jpg in Resources */ = {isa = PBXBuildFile; fileRef = F05F4B5329D17A260067C292 /* kiwi.jpg */; };
		F05F4B5C29D17A260067C292 /* painapple.jpg in Resources */ = {isa = PBXBuildFile; fileRef = F05F4B5429D17A260067C292 /* painapple.jpg */; };
		F05F4B5E29D2651A0067C292 /* ExtendedButton.swift in Sources */ = {isa = PBXBuildFile; fileRef = F05F4B5D29D2651A0067C292 /* ExtendedButton.swift */; };
		F05F4B6629D275660067C292 /* DataStorage.swift in Sources */ = {isa = PBXBuildFile; fileRef = F05F4B6529D275660067C292 /* DataStorage.swift */; };
		F05F4B6829D2779B0067C292 /* ChatRoom.swift in Sources */ = {isa = PBXBuildFile; fileRef = F05F4B6729D2779B0067C292 /* ChatRoom.swift */; };
		F08CC66329CA75BE00EE8961 /* AppDelegate.swift in Sources */ = {isa = PBXBuildFile; fileRef = F08CC66229CA75BE00EE8961 /* AppDelegate.swift */; };
		F08CC66529CA75BE00EE8961 /* SceneDelegate.swift in Sources */ = {isa = PBXBuildFile; fileRef = F08CC66429CA75BE00EE8961 /* SceneDelegate.swift */; };
		F08CC66729CA75BE00EE8961 /* ViewController.swift in Sources */ = {isa = PBXBuildFile; fileRef = F08CC66629CA75BE00EE8961 /* ViewController.swift */; };
		F08CC66A29CA75BE00EE8961 /* Main.storyboard in Resources */ = {isa = PBXBuildFile; fileRef = F08CC66829CA75BE00EE8961 /* Main.storyboard */; };
		F08CC66C29CA75BF00EE8961 /* Assets.xcassets in Resources */ = {isa = PBXBuildFile; fileRef = F08CC66B29CA75BF00EE8961 /* Assets.xcassets */; };
		F08CC66F29CA75BF00EE8961 /* LaunchScreen.storyboard in Resources */ = {isa = PBXBuildFile; fileRef = F08CC66D29CA75BF00EE8961 /* LaunchScreen.storyboard */; };
		F0915E7829D6BD3400CDE7D4 /* MyChatCellViewModel.swift in Sources */ = {isa = PBXBuildFile; fileRef = F0915E7729D6BD3400CDE7D4 /* MyChatCellViewModel.swift */; };
		F0915E7A29D6BF3400CDE7D4 /* Observable.swift in Sources */ = {isa = PBXBuildFile; fileRef = F0915E7929D6BF3400CDE7D4 /* Observable.swift */; };
		F091F3C029D666030040294D /* ChatDetailViewController.swift in Sources */ = {isa = PBXBuildFile; fileRef = F091F3BF29D666030040294D /* ChatDetailViewController.swift */; };
		F091F3C229D66B3A0040294D /* ChangeSceneDelegate.swift in Sources */ = {isa = PBXBuildFile; fileRef = F091F3C129D66B3A0040294D /* ChangeSceneDelegate.swift */; };
		F09DD7C029D524FA005D936F /* ImageManager.swift in Sources */ = {isa = PBXBuildFile; fileRef = F09DD7BF29D524FA005D936F /* ImageManager.swift */; };
		F09DD7C229D5842F005D936F /* ChatRoomListController.swift in Sources */ = {isa = PBXBuildFile; fileRef = F09DD7C129D5842F005D936F /* ChatRoomListController.swift */; };
		F0F104D029CAD15E00957476 /* StaticVariables.swift in Sources */ = {isa = PBXBuildFile; fileRef = F0F104CF29CAD15E00957476 /* StaticVariables.swift */; };
		F0F104D229CAD1DD00957476 /* User.swift in Sources */ = {isa = PBXBuildFile; fileRef = F0F104D129CAD1DD00957476 /* User.swift */; };
		F0F104DB29CBEDD600957476 /* ChatTableViewCell.swift in Sources */ = {isa = PBXBuildFile; fileRef = F0F104D929CBEDD600957476 /* ChatTableViewCell.swift */; };
		F0F104DC29CBEDD600957476 /* ChatTableViewCell.xib in Resources */ = {isa = PBXBuildFile; fileRef = F0F104DA29CBEDD600957476 /* ChatTableViewCell.xib */; };
		F0F104DE29CBFA9700957476 /* TableViewCellBase.swift in Sources */ = {isa = PBXBuildFile; fileRef = F0F104DD29CBFA9700957476 /* TableViewCellBase.swift */; };
		F0F104E029CC053300957476 /* Chat.swift in Sources */ = {isa = PBXBuildFile; fileRef = F0F104DF29CC053300957476 /* Chat.swift */; };
		F0F104F629CD5F8200957476 /* MyChatCell.swift in Sources */ = {isa = PBXBuildFile; fileRef = F0F104F429CD5F8200957476 /* MyChatCell.swift */; };
		F0F104F729CD5F8200957476 /* MyChatCell.xib in Resources */ = {isa = PBXBuildFile; fileRef = F0F104F529CD5F8200957476 /* MyChatCell.xib */; };
/* End PBXBuildFile section */

/* Begin PBXFileReference section */
		F05F4B4A29D16B2D0067C292 /* PaddingLabel.swift */ = {isa = PBXFileReference; lastKnownFileType = sourcecode.swift; path = PaddingLabel.swift; sourceTree = "<group>"; };
		F05F4B4D29D17A260067C292 /* ddalgi.jpg */ = {isa = PBXFileReference; lastKnownFileType = image.jpeg; path = ddalgi.jpg; sourceTree = "<group>"; };
		F05F4B4E29D17A260067C292 /* subak.jpg */ = {isa = PBXFileReference; lastKnownFileType = image.jpeg; path = subak.jpg; sourceTree = "<group>"; };
		F05F4B4F29D17A260067C292 /* rice.jpg */ = {isa = PBXFileReference; lastKnownFileType = image.jpeg; path = rice.jpg; sourceTree = "<group>"; };
		F05F4B5029D17A260067C292 /* wheat.jpg */ = {isa = PBXFileReference; lastKnownFileType = image.jpeg; path = wheat.jpg; sourceTree = "<group>"; };
		F05F4B5129D17A260067C292 /* barley.jpg */ = {isa = PBXFileReference; lastKnownFileType = image.jpeg; path = barley.jpg; sourceTree = "<group>"; };
		F05F4B5229D17A260067C292 /* gwail.jpg */ = {isa = PBXFileReference; lastKnownFileType = image.jpeg; path = gwail.jpg; sourceTree = "<group>"; };
		F05F4B5329D17A260067C292 /* kiwi.jpg */ = {isa = PBXFileReference; lastKnownFileType = image.jpeg; path = kiwi.jpg; sourceTree = "<group>"; };
		F05F4B5429D17A260067C292 /* painapple.jpg */ = {isa = PBXFileReference; lastKnownFileType = image.jpeg; path = painapple.jpg; sourceTree = "<group>"; };
		F05F4B5D29D2651A0067C292 /* ExtendedButton.swift */ = {isa = PBXFileReference; lastKnownFileType = sourcecode.swift; path = ExtendedButton.swift; sourceTree = "<group>"; };
		F05F4B6529D275660067C292 /* DataStorage.swift */ = {isa = PBXFileReference; lastKnownFileType = sourcecode.swift; path = DataStorage.swift; sourceTree = "<group>"; };
		F05F4B6729D2779B0067C292 /* ChatRoom.swift */ = {isa = PBXFileReference; lastKnownFileType = sourcecode.swift; path = ChatRoom.swift; sourceTree = "<group>"; };
		F08CC65F29CA75BE00EE8961 /* ChatRoom.app */ = {isa = PBXFileReference; explicitFileType = wrapper.application; includeInIndex = 0; path = ChatRoom.app; sourceTree = BUILT_PRODUCTS_DIR; };
		F08CC66229CA75BE00EE8961 /* AppDelegate.swift */ = {isa = PBXFileReference; lastKnownFileType = sourcecode.swift; path = AppDelegate.swift; sourceTree = "<group>"; };
		F08CC66429CA75BE00EE8961 /* SceneDelegate.swift */ = {isa = PBXFileReference; lastKnownFileType = sourcecode.swift; path = SceneDelegate.swift; sourceTree = "<group>"; };
		F08CC66629CA75BE00EE8961 /* ViewController.swift */ = {isa = PBXFileReference; lastKnownFileType = sourcecode.swift; path = ViewController.swift; sourceTree = "<group>"; };
		F08CC66929CA75BE00EE8961 /* Base */ = {isa = PBXFileReference; lastKnownFileType = file.storyboard; name = Base; path = Base.lproj/Main.storyboard; sourceTree = "<group>"; };
		F08CC66B29CA75BF00EE8961 /* Assets.xcassets */ = {isa = PBXFileReference; lastKnownFileType = folder.assetcatalog; path = Assets.xcassets; sourceTree = "<group>"; };
		F08CC66E29CA75BF00EE8961 /* Base */ = {isa = PBXFileReference; lastKnownFileType = file.storyboard; name = Base; path = Base.lproj/LaunchScreen.storyboard; sourceTree = "<group>"; };
		F08CC67029CA75BF00EE8961 /* Info.plist */ = {isa = PBXFileReference; lastKnownFileType = text.plist.xml; path = Info.plist; sourceTree = "<group>"; };
		F0915E7729D6BD3400CDE7D4 /* MyChatCellViewModel.swift */ = {isa = PBXFileReference; lastKnownFileType = sourcecode.swift; path = MyChatCellViewModel.swift; sourceTree = "<group>"; };
		F0915E7929D6BF3400CDE7D4 /* Observable.swift */ = {isa = PBXFileReference; lastKnownFileType = sourcecode.swift; path = Observable.swift; sourceTree = "<group>"; };
		F091F3BF29D666030040294D /* ChatDetailViewController.swift */ = {isa = PBXFileReference; lastKnownFileType = sourcecode.swift; path = ChatDetailViewController.swift; sourceTree = "<group>"; };
		F091F3C129D66B3A0040294D /* ChangeSceneDelegate.swift */ = {isa = PBXFileReference; lastKnownFileType = sourcecode.swift; path = ChangeSceneDelegate.swift; sourceTree = "<group>"; };
		F09DD7BF29D524FA005D936F /* ImageManager.swift */ = {isa = PBXFileReference; lastKnownFileType = sourcecode.swift; path = ImageManager.swift; sourceTree = "<group>"; };
		F09DD7C129D5842F005D936F /* ChatRoomListController.swift */ = {isa = PBXFileReference; lastKnownFileType = sourcecode.swift; path = ChatRoomListController.swift; sourceTree = "<group>"; };
		F0F104CF29CAD15E00957476 /* StaticVariables.swift */ = {isa = PBXFileReference; lastKnownFileType = sourcecode.swift; path = StaticVariables.swift; sourceTree = "<group>"; };
		F0F104D129CAD1DD00957476 /* User.swift */ = {isa = PBXFileReference; lastKnownFileType = sourcecode.swift; path = User.swift; sourceTree = "<group>"; };
		F0F104D929CBEDD600957476 /* ChatTableViewCell.swift */ = {isa = PBXFileReference; lastKnownFileType = sourcecode.swift; path = ChatTableViewCell.swift; sourceTree = "<group>"; };
		F0F104DA29CBEDD600957476 /* ChatTableViewCell.xib */ = {isa = PBXFileReference; lastKnownFileType = file.xib; path = ChatTableViewCell.xib; sourceTree = "<group>"; };
		F0F104DD29CBFA9700957476 /* TableViewCellBase.swift */ = {isa = PBXFileReference; lastKnownFileType = sourcecode.swift; path = TableViewCellBase.swift; sourceTree = "<group>"; };
		F0F104DF29CC053300957476 /* Chat.swift */ = {isa = PBXFileReference; lastKnownFileType = sourcecode.swift; path = Chat.swift; sourceTree = "<group>"; };
		F0F104F429CD5F8200957476 /* MyChatCell.swift */ = {isa = PBXFileReference; lastKnownFileType = sourcecode.swift; path = MyChatCell.swift; sourceTree = "<group>"; };
		F0F104F529CD5F8200957476 /* MyChatCell.xib */ = {isa = PBXFileReference; lastKnownFileType = file.xib; path = MyChatCell.xib; sourceTree = "<group>"; };
/* End PBXFileReference section */

/* Begin PBXFrameworksBuildPhase section */
		F08CC65C29CA75BE00EE8961 /* Frameworks */ = {
			isa = PBXFrameworksBuildPhase;
			buildActionMask = 2147483647;
			files = (
			);
			runOnlyForDeploymentPostprocessing = 0;
		};
/* End PBXFrameworksBuildPhase section */

/* Begin PBXGroup section */
		F05F4B4C29D179D80067C292 /* Resources */ = {
			isa = PBXGroup;
			children = (
				F05F4B5129D17A260067C292 /* barley.jpg */,
				F05F4B4D29D17A260067C292 /* ddalgi.jpg */,
				F05F4B5229D17A260067C292 /* gwail.jpg */,
				F05F4B5329D17A260067C292 /* kiwi.jpg */,
				F05F4B5429D17A260067C292 /* painapple.jpg */,
				F05F4B4F29D17A260067C292 /* rice.jpg */,
				F05F4B4E29D17A260067C292 /* subak.jpg */,
				F05F4B5029D17A260067C292 /* wheat.jpg */,
			);
			path = Resources;
			sourceTree = "<group>";
		};
		F05F4B6029D274200067C292 /* Models */ = {
			isa = PBXGroup;
			children = (
				F0F104D129CAD1DD00957476 /* User.swift */,
				F0F104DF29CC053300957476 /* Chat.swift */,
				F05F4B6729D2779B0067C292 /* ChatRoom.swift */,
				F0915E7929D6BF3400CDE7D4 /* Observable.swift */,
			);
			path = Models;
			sourceTree = "<group>";
		};
		F05F4B6229D2743B0067C292 /* Services */ = {
			isa = PBXGroup;
			children = (
				F05F4B6529D275660067C292 /* DataStorage.swift */,
				F09DD7BF29D524FA005D936F /* ImageManager.swift */,
				F0F104CF29CAD15E00957476 /* StaticVariables.swift */,
			);
			path = Services;
			sourceTree = "<group>";
		};
		F05F4B6429D2746C0067C292 /* Views */ = {
			isa = PBXGroup;
			children = (
				F0915E6C29D6BA1300CDE7D4 /* Swift */,
				F0915E6B29D6B9F800CDE7D4 /* Xib */,
			);
			path = Views;
			sourceTree = "<group>";
		};
		F08CC65629CA75BD00EE8961 = {
			isa = PBXGroup;
			children = (
				F08CC66129CA75BE00EE8961 /* ChatRoom */,
				F08CC66029CA75BE00EE8961 /* Products */,
			);
			sourceTree = "<group>";
		};
		F08CC66029CA75BE00EE8961 /* Products */ = {
			isa = PBXGroup;
			children = (
				F08CC65F29CA75BE00EE8961 /* ChatRoom.app */,
			);
			name = Products;
			sourceTree = "<group>";
		};
		F08CC66129CA75BE00EE8961 /* ChatRoom */ = {
			isa = PBXGroup;
			children = (
				F0915E6829D6B64400CDE7D4 /* Entities */,
				F05F4B6229D2743B0067C292 /* Services */,
				F05F4B6429D2746C0067C292 /* Views */,
				F08CC66229CA75BE00EE8961 /* AppDelegate.swift */,
				F08CC66429CA75BE00EE8961 /* SceneDelegate.swift */,
				F08CC66B29CA75BF00EE8961 /* Assets.xcassets */,
				F05F4B4C29D179D80067C292 /* Resources */,
				F08CC66D29CA75BF00EE8961 /* LaunchScreen.storyboard */,
				F08CC67029CA75BF00EE8961 /* Info.plist */,
			);
			path = ChatRoom;
			sourceTree = "<group>";
		};
		F0915E6829D6B64400CDE7D4 /* Entities */ = {
			isa = PBXGroup;
			children = (
				F05F4B6029D274200067C292 /* Models */,
				F0915E6A29D6B98100CDE7D4 /* Components */,
				F0915E6929D6B90100CDE7D4 /* Protocols */,
			);
			path = Entities;
			sourceTree = "<group>";
		};
		F0915E6929D6B90100CDE7D4 /* Protocols */ = {
			isa = PBXGroup;
			children = (
				F091F3C129D66B3A0040294D /* ChangeSceneDelegate.swift */,
			);
			path = Protocols;
			sourceTree = "<group>";
		};
		F0915E6A29D6B98100CDE7D4 /* Components */ = {
			isa = PBXGroup;
			children = (
				F05F4B4A29D16B2D0067C292 /* PaddingLabel.swift */,
				F05F4B5D29D2651A0067C292 /* ExtendedButton.swift */,
				F0F104DD29CBFA9700957476 /* TableViewCellBase.swift */,
			);
			path = Components;
			sourceTree = "<group>";
		};
		F0915E6B29D6B9F800CDE7D4 /* Xib */ = {
			isa = PBXGroup;
			children = (
				F08CC66829CA75BE00EE8961 /* Main.storyboard */,
				F0F104DA29CBEDD600957476 /* ChatTableViewCell.xib */,
				F0F104F529CD5F8200957476 /* MyChatCell.xib */,
			);
			path = Xib;
			sourceTree = "<group>";
		};
		F0915E6C29D6BA1300CDE7D4 /* Swift */ = {
			isa = PBXGroup;
			children = (
				F0915E6E29D6BA3C00CDE7D4 /* Views */,
				F0915E6D29D6BA3600CDE7D4 /* Controllers */,
			);
			path = Swift;
			sourceTree = "<group>";
		};
		F0915E6D29D6BA3600CDE7D4 /* Controllers */ = {
			isa = PBXGroup;
			children = (
				F0915E6F29D6BA9200CDE7D4 /* ChatDetail */,
				F0915E7129D6BA9E00CDE7D4 /* Main */,
				F0915E7029D6BA9800CDE7D4 /* ChatRoomList */,
			);
			path = Controllers;
			sourceTree = "<group>";
		};
		F0915E6E29D6BA3C00CDE7D4 /* Views */ = {
			isa = PBXGroup;
			children = (
				F0F104D929CBEDD600957476 /* ChatTableViewCell.swift */,
				F0F104F429CD5F8200957476 /* MyChatCell.swift */,
				F0915E7629D6BD2600CDE7D4 /* ViewModel */,
			);
			path = Views;
			sourceTree = "<group>";
		};
		F0915E6F29D6BA9200CDE7D4 /* ChatDetail */ = {
			isa = PBXGroup;
			children = (
				F091F3BF29D666030040294D /* ChatDetailViewController.swift */,
			);
			path = ChatDetail;
			sourceTree = "<group>";
		};
		F0915E7029D6BA9800CDE7D4 /* ChatRoomList */ = {
			isa = PBXGroup;
			children = (
				F09DD7C129D5842F005D936F /* ChatRoomListController.swift */,
			);
			path = ChatRoomList;
			sourceTree = "<group>";
		};
		F0915E7129D6BA9E00CDE7D4 /* Main */ = {
			isa = PBXGroup;
			children = (
				F08CC66629CA75BE00EE8961 /* ViewController.swift */,
			);
			path = Main;
			sourceTree = "<group>";
		};
		F0915E7629D6BD2600CDE7D4 /* ViewModel */ = {
			isa = PBXGroup;
			children = (
				F0915E7729D6BD3400CDE7D4 /* MyChatCellViewModel.swift */,
			);
			path = ViewModel;
			sourceTree = "<group>";
		};
/* End PBXGroup section */

/* Begin PBXNativeTarget section */
		F08CC65E29CA75BE00EE8961 /* ChatRoom */ = {
			isa = PBXNativeTarget;
			buildConfigurationList = F08CC67329CA75BF00EE8961 /* Build configuration list for PBXNativeTarget "ChatRoom" */;
			buildPhases = (
				F08CC65B29CA75BE00EE8961 /* Sources */,
				F08CC65C29CA75BE00EE8961 /* Frameworks */,
				F08CC65D29CA75BE00EE8961 /* Resources */,
			);
			buildRules = (
			);
			dependencies = (
			);
			name = ChatRoom;
			productName = ChatRoom;
			productReference = F08CC65F29CA75BE00EE8961 /* ChatRoom.app */;
			productType = "com.apple.product-type.application";
		};
/* End PBXNativeTarget section */

/* Begin PBXProject section */
		F08CC65729CA75BD00EE8961 /* Project object */ = {
			isa = PBXProject;
			attributes = {
				BuildIndependentTargetsInParallel = 1;
				LastSwiftUpdateCheck = 1420;
				LastUpgradeCheck = 1420;
				TargetAttributes = {
					F08CC65E29CA75BE00EE8961 = {
						CreatedOnToolsVersion = 14.2;
					};
				};
			};
			buildConfigurationList = F08CC65A29CA75BD00EE8961 /* Build configuration list for PBXProject "ChatRoom" */;
			compatibilityVersion = "Xcode 14.0";
			developmentRegion = en;
			hasScannedForEncodings = 0;
			knownRegions = (
				en,
				Base,
			);
			mainGroup = F08CC65629CA75BD00EE8961;
			productRefGroup = F08CC66029CA75BE00EE8961 /* Products */;
			projectDirPath = "";
			projectRoot = "";
			targets = (
				F08CC65E29CA75BE00EE8961 /* ChatRoom */,
			);
		};
/* End PBXProject section */

/* Begin PBXResourcesBuildPhase section */
		F08CC65D29CA75BE00EE8961 /* Resources */ = {
			isa = PBXResourcesBuildPhase;
			buildActionMask = 2147483647;
			files = (
				F08CC66F29CA75BF00EE8961 /* LaunchScreen.storyboard in Resources */,
				F0F104DC29CBEDD600957476 /* ChatTableViewCell.xib in Resources */,
				F05F4B5A29D17A260067C292 /* gwail.jpg in Resources */,
				F05F4B5829D17A260067C292 /* wheat.jpg in Resources */,
				F05F4B5729D17A260067C292 /* rice.jpg in Resources */,
				F05F4B5C29D17A260067C292 /* painapple.jpg in Resources */,
				F05F4B5529D17A260067C292 /* ddalgi.jpg in Resources */,
				F08CC66C29CA75BF00EE8961 /* Assets.xcassets in Resources */,
				F05F4B5B29D17A260067C292 /* kiwi.jpg in Resources */,
				F05F4B5629D17A260067C292 /* subak.jpg in Resources */,
				F08CC66A29CA75BE00EE8961 /* Main.storyboard in Resources */,
				F05F4B5929D17A260067C292 /* barley.jpg in Resources */,
				F0F104F729CD5F8200957476 /* MyChatCell.xib in Resources */,
			);
			runOnlyForDeploymentPostprocessing = 0;
		};
/* End PBXResourcesBuildPhase section */

/* Begin PBXSourcesBuildPhase section */
		F08CC65B29CA75BE00EE8961 /* Sources */ = {
			isa = PBXSourcesBuildPhase;
			buildActionMask = 2147483647;
			files = (
				F0915E7A29D6BF3400CDE7D4 /* Observable.swift in Sources */,
				F05F4B4B29D16B2D0067C292 /* PaddingLabel.swift in Sources */,
				F0F104DE29CBFA9700957476 /* TableViewCellBase.swift in Sources */,
				F09DD7C229D5842F005D936F /* ChatRoomListController.swift in Sources */,
				F0F104F629CD5F8200957476 /* MyChatCell.swift in Sources */,
				F05F4B6829D2779B0067C292 /* ChatRoom.swift in Sources */,
				F08CC66729CA75BE00EE8961 /* ViewController.swift in Sources */,
				F05F4B6629D275660067C292 /* DataStorage.swift in Sources */,
				F08CC66329CA75BE00EE8961 /* AppDelegate.swift in Sources */,
				F0F104E029CC053300957476 /* Chat.swift in Sources */,
				F05F4B5E29D2651A0067C292 /* ExtendedButton.swift in Sources */,
				F09DD7C029D524FA005D936F /* ImageManager.swift in Sources */,
				F091F3C029D666030040294D /* ChatDetailViewController.swift in Sources */,
				F08CC66529CA75BE00EE8961 /* SceneDelegate.swift in Sources */,
				F0F104DB29CBEDD600957476 /* ChatTableViewCell.swift in Sources */,
				F0915E7829D6BD3400CDE7D4 /* MyChatCellViewModel.swift in Sources */,
				F0F104D229CAD1DD00957476 /* User.swift in Sources */,
				F091F3C229D66B3A0040294D /* ChangeSceneDelegate.swift in Sources */,
				F0F104D029CAD15E00957476 /* StaticVariables.swift in Sources */,
			);
			runOnlyForDeploymentPostprocessing = 0;
		};
/* End PBXSourcesBuildPhase section */

/* Begin PBXVariantGroup section */
		F08CC66829CA75BE00EE8961 /* Main.storyboard */ = {
			isa = PBXVariantGroup;
			children = (
				F08CC66929CA75BE00EE8961 /* Base */,
			);
			name = Main.storyboard;
			sourceTree = "<group>";
		};
		F08CC66D29CA75BF00EE8961 /* LaunchScreen.storyboard */ = {
			isa = PBXVariantGroup;
			children = (
				F08CC66E29CA75BF00EE8961 /* Base */,
			);
			name = LaunchScreen.storyboard;
			sourceTree = "<group>";
		};
/* End PBXVariantGroup section */

/* Begin XCBuildConfiguration section */
		F08CC67129CA75BF00EE8961 /* Debug */ = {
			isa = XCBuildConfiguration;
			buildSettings = {
				ALWAYS_SEARCH_USER_PATHS = NO;
				CLANG_ANALYZER_NONNULL = YES;
				CLANG_ANALYZER_NUMBER_OBJECT_CONVERSION = YES_AGGRESSIVE;
				CLANG_CXX_LANGUAGE_STANDARD = "gnu++20";
				CLANG_ENABLE_MODULES = YES;
				CLANG_ENABLE_OBJC_ARC = YES;
				CLANG_ENABLE_OBJC_WEAK = YES;
				CLANG_WARN_BLOCK_CAPTURE_AUTORELEASING = YES;
				CLANG_WARN_BOOL_CONVERSION = YES;
				CLANG_WARN_COMMA = YES;
				CLANG_WARN_CONSTANT_CONVERSION = YES;
				CLANG_WARN_DEPRECATED_OBJC_IMPLEMENTATIONS = YES;
				CLANG_WARN_DIRECT_OBJC_ISA_USAGE = YES_ERROR;
				CLANG_WARN_DOCUMENTATION_COMMENTS = YES;
				CLANG_WARN_EMPTY_BODY = YES;
				CLANG_WARN_ENUM_CONVERSION = YES;
				CLANG_WARN_INFINITE_RECURSION = YES;
				CLANG_WARN_INT_CONVERSION = YES;
				CLANG_WARN_NON_LITERAL_NULL_CONVERSION = YES;
				CLANG_WARN_OBJC_IMPLICIT_RETAIN_SELF = YES;
				CLANG_WARN_OBJC_LITERAL_CONVERSION = YES;
				CLANG_WARN_OBJC_ROOT_CLASS = YES_ERROR;
				CLANG_WARN_QUOTED_INCLUDE_IN_FRAMEWORK_HEADER = YES;
				CLANG_WARN_RANGE_LOOP_ANALYSIS = YES;
				CLANG_WARN_STRICT_PROTOTYPES = YES;
				CLANG_WARN_SUSPICIOUS_MOVE = YES;
				CLANG_WARN_UNGUARDED_AVAILABILITY = YES_AGGRESSIVE;
				CLANG_WARN_UNREACHABLE_CODE = YES;
				CLANG_WARN__DUPLICATE_METHOD_MATCH = YES;
				COPY_PHASE_STRIP = NO;
				DEBUG_INFORMATION_FORMAT = dwarf;
				ENABLE_STRICT_OBJC_MSGSEND = YES;
				ENABLE_TESTABILITY = YES;
				GCC_C_LANGUAGE_STANDARD = gnu11;
				GCC_DYNAMIC_NO_PIC = NO;
				GCC_NO_COMMON_BLOCKS = YES;
				GCC_OPTIMIZATION_LEVEL = 0;
				GCC_PREPROCESSOR_DEFINITIONS = (
					"DEBUG=1",
					"$(inherited)",
				);
				GCC_WARN_64_TO_32_BIT_CONVERSION = YES;
				GCC_WARN_ABOUT_RETURN_TYPE = YES_ERROR;
				GCC_WARN_UNDECLARED_SELECTOR = YES;
				GCC_WARN_UNINITIALIZED_AUTOS = YES_AGGRESSIVE;
				GCC_WARN_UNUSED_FUNCTION = YES;
				GCC_WARN_UNUSED_VARIABLE = YES;
				IPHONEOS_DEPLOYMENT_TARGET = 16.2;
				MTL_ENABLE_DEBUG_INFO = INCLUDE_SOURCE;
				MTL_FAST_MATH = YES;
				ONLY_ACTIVE_ARCH = YES;
				SDKROOT = iphoneos;
				SWIFT_ACTIVE_COMPILATION_CONDITIONS = DEBUG;
				SWIFT_OPTIMIZATION_LEVEL = "-Onone";
			};
			name = Debug;
		};
		F08CC67229CA75BF00EE8961 /* Release */ = {
			isa = XCBuildConfiguration;
			buildSettings = {
				ALWAYS_SEARCH_USER_PATHS = NO;
				CLANG_ANALYZER_NONNULL = YES;
				CLANG_ANALYZER_NUMBER_OBJECT_CONVERSION = YES_AGGRESSIVE;
				CLANG_CXX_LANGUAGE_STANDARD = "gnu++20";
				CLANG_ENABLE_MODULES = YES;
				CLANG_ENABLE_OBJC_ARC = YES;
				CLANG_ENABLE_OBJC_WEAK = YES;
				CLANG_WARN_BLOCK_CAPTURE_AUTORELEASING = YES;
				CLANG_WARN_BOOL_CONVERSION = YES;
				CLANG_WARN_COMMA = YES;
				CLANG_WARN_CONSTANT_CONVERSION = YES;
				CLANG_WARN_DEPRECATED_OBJC_IMPLEMENTATIONS = YES;
				CLANG_WARN_DIRECT_OBJC_ISA_USAGE = YES_ERROR;
				CLANG_WARN_DOCUMENTATION_COMMENTS = YES;
				CLANG_WARN_EMPTY_BODY = YES;
				CLANG_WARN_ENUM_CONVERSION = YES;
				CLANG_WARN_INFINITE_RECURSION = YES;
				CLANG_WARN_INT_CONVERSION = YES;
				CLANG_WARN_NON_LITERAL_NULL_CONVERSION = YES;
				CLANG_WARN_OBJC_IMPLICIT_RETAIN_SELF = YES;
				CLANG_WARN_OBJC_LITERAL_CONVERSION = YES;
				CLANG_WARN_OBJC_ROOT_CLASS = YES_ERROR;
				CLANG_WARN_QUOTED_INCLUDE_IN_FRAMEWORK_HEADER = YES;
				CLANG_WARN_RANGE_LOOP_ANALYSIS = YES;
				CLANG_WARN_STRICT_PROTOTYPES = YES;
				CLANG_WARN_SUSPICIOUS_MOVE = YES;
				CLANG_WARN_UNGUARDED_AVAILABILITY = YES_AGGRESSIVE;
				CLANG_WARN_UNREACHABLE_CODE = YES;
				CLANG_WARN__DUPLICATE_METHOD_MATCH = YES;
				COPY_PHASE_STRIP = NO;
				DEBUG_INFORMATION_FORMAT = "dwarf-with-dsym";
				ENABLE_NS_ASSERTIONS = NO;
				ENABLE_STRICT_OBJC_MSGSEND = YES;
				GCC_C_LANGUAGE_STANDARD = gnu11;
				GCC_NO_COMMON_BLOCKS = YES;
				GCC_WARN_64_TO_32_BIT_CONVERSION = YES;
				GCC_WARN_ABOUT_RETURN_TYPE = YES_ERROR;
				GCC_WARN_UNDECLARED_SELECTOR = YES;
				GCC_WARN_UNINITIALIZED_AUTOS = YES_AGGRESSIVE;
				GCC_WARN_UNUSED_FUNCTION = YES;
				GCC_WARN_UNUSED_VARIABLE = YES;
				IPHONEOS_DEPLOYMENT_TARGET = 16.2;
				MTL_ENABLE_DEBUG_INFO = NO;
				MTL_FAST_MATH = YES;
				SDKROOT = iphoneos;
				SWIFT_COMPILATION_MODE = wholemodule;
				SWIFT_OPTIMIZATION_LEVEL = "-O";
				VALIDATE_PRODUCT = YES;
			};
			name = Release;
		};
		F08CC67429CA75BF00EE8961 /* Debug */ = {
			isa = XCBuildConfiguration;
			buildSettings = {
				ASSETCATALOG_COMPILER_APPICON_NAME = AppIcon;
				ASSETCATALOG_COMPILER_GLOBAL_ACCENT_COLOR_NAME = AccentColor;
				CODE_SIGN_STYLE = Automatic;
				CURRENT_PROJECT_VERSION = 1;
				DEVELOPMENT_TEAM = 6XUFHJJ478;
				GENERATE_INFOPLIST_FILE = YES;
				INFOPLIST_FILE = ChatRoom/Info.plist;
				INFOPLIST_KEY_UIApplicationSupportsIndirectInputEvents = YES;
				INFOPLIST_KEY_UILaunchStoryboardName = LaunchScreen;
				INFOPLIST_KEY_UIMainStoryboardFile = Main;
				INFOPLIST_KEY_UISupportedInterfaceOrientations_iPad = "UIInterfaceOrientationPortrait UIInterfaceOrientationPortraitUpsideDown UIInterfaceOrientationLandscapeLeft UIInterfaceOrientationLandscapeRight";
				INFOPLIST_KEY_UISupportedInterfaceOrientations_iPhone = "UIInterfaceOrientationPortrait UIInterfaceOrientationLandscapeLeft UIInterfaceOrientationLandscapeRight";
				IPHONEOS_DEPLOYMENT_TARGET = 14.0;
				LD_RUNPATH_SEARCH_PATHS = (
					"$(inherited)",
					"@executable_path/Frameworks",
				);
				MARKETING_VERSION = 1.0;
				PRODUCT_BUNDLE_IDENTIFIER = test.first.ChatRoom;
				PRODUCT_NAME = "$(TARGET_NAME)";
				SWIFT_EMIT_LOC_STRINGS = YES;
				SWIFT_VERSION = 5.0;
				TARGETED_DEVICE_FAMILY = "1,2";
			};
			name = Debug;
		};
		F08CC67529CA75BF00EE8961 /* Release */ = {
			isa = XCBuildConfiguration;
			buildSettings = {
				ASSETCATALOG_COMPILER_APPICON_NAME = AppIcon;
				ASSETCATALOG_COMPILER_GLOBAL_ACCENT_COLOR_NAME = AccentColor;
				CODE_SIGN_STYLE = Automatic;
				CURRENT_PROJECT_VERSION = 1;
				DEVELOPMENT_TEAM = 6XUFHJJ478;
				GENERATE_INFOPLIST_FILE = YES;
				INFOPLIST_FILE = ChatRoom/Info.plist;
				INFOPLIST_KEY_UIApplicationSupportsIndirectInputEvents = YES;
				INFOPLIST_KEY_UILaunchStoryboardName = LaunchScreen;
				INFOPLIST_KEY_UIMainStoryboardFile = Main;
				INFOPLIST_KEY_UISupportedInterfaceOrientations_iPad = "UIInterfaceOrientationPortrait UIInterfaceOrientationPortraitUpsideDown UIInterfaceOrientationLandscapeLeft UIInterfaceOrientationLandscapeRight";
				INFOPLIST_KEY_UISupportedInterfaceOrientations_iPhone = "UIInterfaceOrientationPortrait UIInterfaceOrientationLandscapeLeft UIInterfaceOrientationLandscapeRight";
				IPHONEOS_DEPLOYMENT_TARGET = 14.0;
				LD_RUNPATH_SEARCH_PATHS = (
					"$(inherited)",
					"@executable_path/Frameworks",
				);
				MARKETING_VERSION = 1.0;
				PRODUCT_BUNDLE_IDENTIFIER = test.first.ChatRoom;
				PRODUCT_NAME = "$(TARGET_NAME)";
				SWIFT_EMIT_LOC_STRINGS = YES;
				SWIFT_VERSION = 5.0;
				TARGETED_DEVICE_FAMILY = "1,2";
			};
			name = Release;
		};
/* End XCBuildConfiguration section */

/* Begin XCConfigurationList section */
		F08CC65A29CA75BD00EE8961 /* Build configuration list for PBXProject "ChatRoom" */ = {
			isa = XCConfigurationList;
			buildConfigurations = (
				F08CC67129CA75BF00EE8961 /* Debug */,
				F08CC67229CA75BF00EE8961 /* Release */,
			);
			defaultConfigurationIsVisible = 0;
			defaultConfigurationName = Release;
		};
		F08CC67329CA75BF00EE8961 /* Build configuration list for PBXNativeTarget "ChatRoom" */ = {
			isa = XCConfigurationList;
			buildConfigurations = (
				F08CC67429CA75BF00EE8961 /* Debug */,
				F08CC67529CA75BF00EE8961 /* Release */,
			);
			defaultConfigurationIsVisible = 0;
			defaultConfigurationName = Release;
		};
/* End XCConfigurationList section */
	};
	rootObject = F08CC65729CA75BD00EE8961 /* Project object */;
}
